{
  "name": "elysium-monorepo",
  "version": "1.0.0",
  "lockfileVersion": 3,
  "requires": true,
  "packages": {
    "": {
      "name": "elysium-monorepo",
      "version": "1.0.0",
      "license": "MIT",
      "workspaces": [
        "packages/*",
        "apps/*"
      ]
    },
    "apps/api-gateway": {
      "name": "@elysium/api-gateway",
      "version": "1.0.0",
      "license": "MIT",
      "dependencies": {
        "@elysium/academic-engine": "^1.0.0",
        "@elysium/attendance-service": "^1.0.0",
        "@elysium/diploma-registry": "^1.0.0",
        "@elysium/finance-service": "^1.0.0",
        "@elysium/notification-service": "^1.0.0",
        "@elysium/oer-library": "^1.0.0",
        "@elysium/rbac-engine": "^1.0.0",
        "@elysium/report-card-generator": "^1.0.0",
        "@elysium/shared-types": "^1.0.0",
        "@elysium/sre-monitoring": "^1.0.0",
        "@elysium/student-service": "^1.0.0"
      },
      "devDependencies": {
        "@types/node": "^22.0.0",
        "typescript": "^5.9.3"
      }
    },
    "apps/parent-portal": {
      "name": "@elysium/parent-portal",
      "version": "1.0.0",
      "license": "MIT",
      "dependencies": {
        "@elysium/academic-engine": "^1.0.0",
        "@elysium/attendance-service": "^1.0.0",
        "@elysium/shared-types": "^1.0.0"
      },
      "devDependencies": {
        "@types/node": "^22.0.0",
        "typescript": "^5.9.3"
      }
    },
    "apps/pwa-offline": {
      "name": "@elysium/pwa-offline",
      "version": "1.0.0",
      "license": "MIT",
      "dependencies": {
        "@elysium/academic-engine": "^1.0.0"
      },
      "devDependencies": {
        "@types/node": "^22.0.0",
        "typescript": "^5.9.3"
      }
    },
    "apps/teacher-pwa": {
      "name": "@elysium/teacher-pwa",
      "version": "1.0.0",
      "license": "MIT",
      "dependencies": {
        "@elysium/academic-engine": "^1.0.0",
        "@elysium/pwa-offline": "^1.0.0"
      },
      "devDependencies": {
        "@types/node": "^22.0.0",
        "typescript": "^5.9.3"
      }
    },
    "node_modules/@ellysium/engine-notes": {
      "resolved": "packages/engine-notes",
      "link": true
    },
    "node_modules/@elysium/academic-engine": {
      "resolved": "packages/academic-engine",
      "link": true
    },
    "node_modules/@elysium/ai-tutor": {
      "resolved": "packages/ai-tutor",
      "link": true
    },
    "node_modules/@elysium/api-gateway": {
      "resolved": "apps/api-gateway",
      "link": true
    },
    "node_modules/@elysium/attendance-service": {
      "resolved": "packages/attendance-service",
      "link": true
    },
    "node_modules/@elysium/audit-trail": {
      "resolved": "packages/audit-trail",
      "link": true
    },
    "node_modules/@elysium/diploma-registry": {
      "resolved": "packages/diploma-registry",
      "link": true
    },
    "node_modules/@elysium/exam-service": {
      "resolved": "packages/exam-service",
      "link": true
    },
    "node_modules/@elysium/finance-service": {
      "resolved": "packages/finance-service",
      "link": true
    },
    "node_modules/@elysium/homework-service": {
      "resolved": "packages/homework-service",
      "link": true
    },
    "node_modules/@elysium/notification-service": {
      "resolved": "packages/notification-service",
      "link": true
    },
    "node_modules/@elysium/oer-library": {
      "resolved": "packages/oer-library",
      "link": true
    },
    "node_modules/@elysium/parent-portal": {
      "resolved": "apps/parent-portal",
      "link": true
    },
    "node_modules/@elysium/pwa-offline": {
      "resolved": "apps/pwa-offline",
      "link": true
    },
    "node_modules/@elysium/rbac-engine": {
      "resolved": "packages/rbac-engine",
      "link": true
    },
    "node_modules/@elysium/report-card-generator": {
      "resolved": "packages/report-card-generator",
      "link": true
    },
    "node_modules/@elysium/scheduling-service": {
      "resolved": "packages/scheduling-service",
      "link": true
    },
    "node_modules/@elysium/shared-types": {
      "resolved": "packages/shared-types",
      "link": true
    },
    "node_modules/@elysium/sre-monitoring": {
      "resolved": "packages/sre-monitoring",
      "link": true
    },
    "node_modules/@elysium/student-service": {
      "resolved": "packages/student-service",
      "link": true
    },
    "node_modules/@elysium/teacher-pwa": {
      "resolved": "apps/teacher-pwa",
      "link": true
    },
    "node_modules/@types/node": {
      "version": "22.20.4",
      "resolved": "https://registry.npmjs.org/@types/node/-/node-22.20.4.tgz",
      "integrity": "sha512-zJRE40jpHtKqE/C4fgHrAKQLJuSpzEnP9ff9Y7YtoR3Wd2pwqzlekDeEuUQXjRd+QCYnVnNwuJYmhdk9XV8gvA==",
      "dev": true,
      "license": "MIT",
      "dependencies": {
        "undici-types": "~6.21.0"
      }
    },
    "node_modules/typescript": {
      "version": "5.9.3",
      "resolved": "https://registry.npmjs.org/typescript/-/typescript-5.9.3.tgz",
      "integrity": "sha512-jl1vZzPDinLr9eUt3J/t7V6FgNEw9QjvBPdysz9KfQDD41fQrC2Y4vKQdiaUpFT4bXlb1RHhLpp8wtm6M5TgSw==",
      "dev": true,
      "license": "Apache-2.0",
      "bin": {
        "tsc": "bin/tsc",
        "tsserver": "bin/tsserver"
      },
      "engines": {
        "node": ">=14.17"
      }
    },
    "node_modules/undici-types": {
      "version": "6.21.0",
      "resolved": "https://registry.npmjs.org/undici-types/-/undici-types-6.21.0.tgz",
      "integrity": "sha512-iwDZqg0QAGrg9Rav5H4n0M64c3mkR59cJ6wQp+7C4nI0gsmExaedaYLNO44eT4AtBBwjbTiGPMlt2Md0T9H9JQ==",
      "dev": true,
      "license": "MIT"
    },
    "packages/academic-engine": {
      "name": "@elysium/academic-engine",
      "version": "1.0.0",
      "license": "MIT",
      "devDependencies": {
        "@types/node": "^22.0.0",
        "typescript": "^5.9.3"
      }
    },
    "packages/ai-tutor": {
      "name": "@elysium/ai-tutor",
      "version": "1.0.0",
      "license": "MIT",
      "devDependencies": {
        "@types/node": "^22.0.0",
        "typescript": "^5.9.3"
      }
    },
    "packages/attendance-service": {
      "name": "@elysium/attendance-service",
      "version": "1.0.0",
      "license": "MIT",
      "dependencies": {
        "@elysium/shared-types": "^1.0.0"
      },
      "devDependencies": {
        "@types/node": "^22.0.0",
        "typescript": "^5.9.3"
      }
    },
    "packages/audit-trail": {
      "name": "@elysium/audit-trail",
      "version": "1.0.0",
      "license": "MIT",
      "devDependencies": {
        "@types/node": "^22.0.0",
        "typescript": "^5.9.3"
      }
    },
    "packages/diploma-registry": {
      "name": "@elysium/diploma-registry",
      "version": "1.0.0",
      "license": "MIT",
      "devDependencies": {
        "@types/node": "^22.0.0",
        "typescript": "^5.9.3"
      }
    },
    "packages/engine-notes": {
      "name": "@ellysium/engine-notes",
      "version": "0.1.0",
      "license": "MIT",
      "dependencies": {
        "@elysium/academic-engine": "^1.0.0"
      },
      "devDependencies": {
        "@types/node": "^22.0.0",
        "typescript": "^5.9.3"
      }
    },
    "packages/exam-service": {
      "name": "@elysium/exam-service",
      "version": "1.0.0",
      "license": "MIT",
      "devDependencies": {
        "@types/node": "^22.0.0",
        "typescript": "^5.9.3"
      }
    },
    "packages/finance-service": {
      "name": "@elysium/finance-service",
      "version": "1.0.0",
      "license": "MIT",
      "dependencies": {
        "@elysium/shared-types": "^1.0.0"
      },
      "devDependencies": {
        "@types/node": "^22.0.0",
        "typescript": "^5.9.3"
      }
    },
    "packages/homework-service": {
      "name": "@elysium/homework-service",
      "version": "1.0.0",
      "license": "MIT",
      "devDependencies": {
        "@types/node": "^22.0.0",
        "typescript": "^5.9.3"
      }
    },
    "packages/notification-service": {
      "name": "@elysium/notification-service",
      "version": "1.0.0",
      "license": "MIT",
      "devDependencies": {
        "@types/node": "^22.0.0",
        "typescript": "^5.9.3"
      }
    },
    "packages/oer-library": {
      "name": "@elysium/oer-library",
      "version": "1.0.0",
      "license": "MIT",
      "devDependencies": {
        "@types/node": "^22.0.0",
        "typescript": "^5.9.3"
      }
    },
    "packages/rbac-engine": {
      "name": "@elysium/rbac-engine",
      "version": "1.0.0",
      "license": "MIT",
      "devDependencies": {
        "@types/node": "^22.0.0",
        "typescript": "^5.9.3"
      }
    },
    "packages/report-card-generator": {
      "name": "@elysium/report-card-generator",
      "version": "1.0.0",
      "license": "MIT",
      "dependencies": {
        "@elysium/academic-engine": "^1.0.0",
        "@elysium/shared-types": "^1.0.0"
      },
      "devDependencies": {
        "@types/node": "^22.0.0",
        "typescript": "^5.9.3"
      }
    },
    "packages/scheduling-service": {
      "name": "@elysium/scheduling-service",
      "version": "1.0.0",
      "license": "MIT",
      "devDependencies": {
        "@types/node": "^22.0.0",
        "typescript": "^5.9.3"
      }
    },
    "packages/shared-types": {
      "name": "@elysium/shared-types",
      "version": "1.0.0",
      "license": "MIT",
      "devDependencies": {
        "typescript": "^5.9.3"
      }
    },
    "packages/sre-monitoring": {
      "name": "@elysium/sre-monitoring",
      "version": "1.0.0",
      "license": "MIT",
      "devDependencies": {
        "@types/node": "^22.0.0",
        "typescript": "^5.9.3"
      }
    },
    "packages/student-service": {
      "name": "@elysium/student-service",
      "version": "1.0.0",
      "license": "MIT",
      "dependencies": {
        "@elysium/shared-types": "^1.0.0"
      },
      "devDependencies": {
        "@types/node": "^22.0.0",
        "typescript": "^5.9.3"
      }
    }
  }
}
